<?xml version="1.0" encoding="utf-8"?>
<Project ToolsVersion="4.0" xmlns="http://schemas.microsoft.com/developer/msbuild/2003">
  <ItemGroup>
    <ClCompile Include="Sandbox.cpp" />
  </ItemGroup>
  <ItemGroup>
    <ClInclude Include="Benchmark.h" />
    <ClInclude Include="spdlog\cfg\argv.h" />
    <ClInclude Include="spdlog\cfg\env.h" />
    <ClInclude Include="spdlog\cfg\helpers.h" />
    <ClInclude Include="spdlog\cfg\helpers-inl.h" />
    <ClInclude Include="spdlog\cfg\log_levels.h" />
    <ClInclude Include="spdlog\details\backtracer.h" />
    <ClInclude Include="spdlog\details\backtracer-inl.h" />
    <ClInclude Include="spdlog\details\circular_q.h" />
    <ClInclude Include="spdlog\details\console_globals.h" />
    <ClInclude Include="spdlog\details\file_helper.h" />
    <ClInclude Include="spdlog\details\file_helper-inl.h" />
    <ClInclude Include="spdlog\details\fmt_helper.h" />
    <ClInclude Include="spdlog\details\log_msg.h" />
    <ClInclude Include="spdlog\details\log_msg_buffer.h" />
    <ClInclude Include="spdlog\details\log_msg_buffer-inl.h" />
    <ClInclude Include="spdlog\details\log_msg-inl.h" />
    <ClInclude Include="spdlog\details\mpmc_blocking_q.h" />
    <ClInclude Include="spdlog\details\null_mutex.h" />
    <ClInclude Include="spdlog\details\os.h" />
    <ClInclude Include="spdlog\details\os-inl.h" />
    <ClInclude Include="spdlog\details\periodic_worker.h" />
    <ClInclude Include="spdlog\details\periodic_worker-inl.h" />
    <ClInclude Include="spdlog\details\registry.h" />
    <ClInclude Include="spdlog\details\registry-inl.h" />
    <ClInclude Include="spdlog\details\synchronous_factory.h" />
    <ClInclude Include="spdlog\details\tcp_client.h" />
    <ClInclude Include="spdlog\details\tcp_client-windows.h" />
    <ClInclude Include="spdlog\details\thread_pool.h" />
    <ClInclude Include="spdlog\details\thread_pool-inl.h" />
    <ClInclude Include="spdlog\details\windows_include.h" />
    <ClInclude Include="spdlog\fmt\bundled\chrono.h" />
    <ClInclude Include="spdlog\fmt\bundled\color.h" />
    <ClInclude Include="spdlog\fmt\bundled\compile.h" />
    <ClInclude Include="spdlog\fmt\bundled\core.h" />
    <ClInclude Include="spdlog\fmt\bundled\format.h" />
    <ClInclude Include="spdlog\fmt\bundled\format-inl.h" />
    <ClInclude Include="spdlog\fmt\bundled\locale.h" />
    <ClInclude Include="spdlog\fmt\bundled\ostream.h" />
    <ClInclude Include="spdlog\fmt\bundled\posix.h" />
    <ClInclude Include="spdlog\fmt\bundled\printf.h" />
    <ClInclude Include="spdlog\fmt\bundled\ranges.h" />
    <ClInclude Include="spdlog\fmt\bin_to_hex.h" />
    <ClInclude Include="spdlog\fmt\fmt.h" />
    <ClInclude Include="spdlog\fmt\ostr.h" />
    <ClInclude Include="spdlog\sinks\android_sink.h" />
    <ClInclude Include="spdlog\sinks\ansicolor_sink.h" />
    <ClInclude Include="spdlog\sinks\ansicolor_sink-inl.h" />
    <ClInclude Include="spdlog\sinks\base_sink.h" />
    <ClInclude Include="spdlog\sinks\base_sink-inl.h" />
    <ClInclude Include="spdlog\sinks\basic_file_sink.h" />
    <ClInclude Include="spdlog\sinks\basic_file_sink-inl.h" />
    <ClInclude Include="spdlog\sinks\daily_file_sink.h" />
    <ClInclude Include="spdlog\sinks\dist_sink.h" />
    <ClInclude Include="spdlog\sinks\dup_filter_sink.h" />
    <ClInclude Include="spdlog\sinks\msvc_sink.h" />
    <ClInclude Include="spdlog\sinks\null_sink.h" />
    <ClInclude Include="spdlog\sinks\ostream_sink.h" />
    <ClInclude Include="spdlog\sinks\ringbuffer_sink.h" />
    <ClInclude Include="spdlog\sinks\rotating_file_sink.h" />
    <ClInclude Include="spdlog\sinks\rotating_file_sink-inl.h" />
    <ClInclude Include="spdlog\sinks\sink.h" />
    <ClInclude Include="spdlog\sinks\sink-inl.h" />
    <ClInclude Include="spdlog\sinks\stdout_color_sinks.h" />
    <ClInclude Include="spdlog\sinks\stdout_color_sinks-inl.h" />
    <ClInclude Include="spdlog\sinks\stdout_sinks.h" />
    <ClInclude Include="spdlog\sinks\stdout_sinks-inl.h" />
    <ClInclude Include="spdlog\sinks\syslog_sink.h" />
    <ClInclude Include="spdlog\sinks\systemd_sink.h" />
    <ClInclude Include="spdlog\sinks\tcp_sink.h" />
    <ClInclude Include="spdlog\sinks\win_eventlog_sink.h" />
    <ClInclude Include="spdlog\sinks\wincolor_sink.h" />
    <ClInclude Include="spdlog\sinks\wincolor_sink-inl.h" />
    <ClInclude Include="spdlog\async.h" />
    <ClInclude Include="spdlog\async_logger.h" />
    <ClInclude Include="spdlog\async_logger-inl.h" />
    <ClInclude Include="spdlog\common.h" />
    <ClInclude Include="spdlog\common-inl.h" />
    <ClInclude Include="spdlog\formatter.h" />
    <ClInclude Include="spdlog\fwd.h" />
    <ClInclude Include="spdlog\logger.h" />
    <ClInclude Include="spdlog\logger-inl.h" />
    <ClInclude Include="spdlog\pattern_formatter.h" />
    <ClInclude Include="spdlog\pattern_formatter-inl.h" />
    <ClInclude Include="spdlog\spdlog.h" />
    <ClInclude Include="spdlog\spdlog-inl.h" />
    <ClInclude Include="spdlog\tweakme.h" />
    <ClInclude Include="spdlog\version.h" />
  </ItemGroup>
</Project>