
Microsoft Visual Studio Solution File, Format Version 12.00
# Visual Studio Version 16
VisualStudioVersion = 16.0.28803.352
MinimumVisualStudioVersion = 10.0.40219.1
Project("{8BC9CEB8-8B4A-11D0-8D11-00A0C91BC942}") = "lwlog", "lwlog\lwlog.vcxproj", "{B0BA0971-D27C-4DA4-9EFF-DD8D4FA24266}"
EndProject
Project("{8BC9CEB8-8B4A-11D0-8D11-00A0C91BC942}") = "Sandbox", "Sandbox\Sandbox.vcxproj", "{B97BF07E-D9BC-48CF-8044-A8DE013B5DF0}"
EndProject
Global
	GlobalSection(SolutionConfigurationPlatforms) = preSolution
		Debug|x64 = Debug|x64
		Release|x64 = Release|x64
	EndGlobalSection
	GlobalSection(ProjectConfigurationPlatforms) = postSolution
		{B0BA0971-D27C-4DA4-9EFF-DD8D4FA24266}.Debug|x64.ActiveCfg = Debug|x64
		{B0BA0971-D27C-4DA4-9EFF-DD8D4FA24266}.Debug|x64.Build.0 = Debug|x64
		{B0BA0971-D27C-4DA4-9EFF-DD8D4FA24266}.Release|x64.ActiveCfg = Release|x64
		{B0BA0971-D27C-4DA4-9EFF-DD8D4FA24266}.Release|x64.Build.0 = Release|x64
		{B97BF07E-D9BC-48CF-8044-A8DE013B5DF0}.Debug|x64.ActiveCfg = Debug|x64
		{B97BF07E-D9BC-48CF-8044-A8DE013B5DF0}.Debug|x64.Build.0 = Debug|x64
		{B97BF07E-D9BC-48CF-8044-A8DE013B5DF0}.Release|x64.ActiveCfg = Release|x64
		{B97BF07E-D9BC-48CF-8044-A8DE013B5DF0}.Release|x64.Build.0 = Release|x64
	EndGlobalSection
	GlobalSection(SolutionProperties) = preSolution
		HideSolutionNode = FALSE
	EndGlobalSection
	GlobalSection(ExtensibilityGlobals) = postSolution
		SolutionGuid = {6536E940-8126-4484-9F50-0741DDDD854D}
	EndGlobalSection
EndGlobal
