<?xml version="1.0" encoding="utf-8"?>
<Project ToolsVersion="4.0" xmlns="http://schemas.microsoft.com/developer/msbuild/2003">
  <ItemGroup>
    <Filter Include="details">
      <UniqueIdentifier>{8B788209-F757-01A5-0070-8C7B6CCE6706}</UniqueIdentifier>
    </Filter>
    <Filter Include="interface">
      <UniqueIdentifier>{966DB512-02D8-6989-4B16-1B2FB7BF47DE}</UniqueIdentifier>
    </Filter>
    <Filter Include="sinks">
      <UniqueIdentifier>{0D785B10-798C-83C1-420E-2721AEE17FF2}</UniqueIdentifier>
    </Filter>
  </ItemGroup>
  <ItemGroup>
    <ClInclude Include="lwlog\core.h" />
    <ClInclude Include="lwlog\details\backtracer.h">
      <Filter>details</Filter>
    </ClInclude>
    <ClInclude Include="lwlog\details\color.h">
      <Filter>details</Filter>
    </ClInclude>
    <ClInclude Include="lwlog\details\datetime.h">
      <Filter>details</Filter>
    </ClInclude>
    <ClInclude Include="lwlog\details\duplex.h">
      <Filter>details</Filter>
    </ClInclude>
    <ClInclude Include="lwlog\details\file_helper.h">
      <Filter>details</Filter>
    </ClInclude>
    <ClInclude Include="lwlog\details\formatter.h">
      <Filter>details</Filter>
    </ClInclude>
    <ClInclude Include="lwlog\details\log_message.h">
      <Filter>details</Filter>
    </ClInclude>
    <ClInclude Include="lwlog\fwd.h" />
    <ClInclude Include="lwlog\interface\backtracer_interface.h">
      <Filter>interface</Filter>
    </ClInclude>
    <ClInclude Include="lwlog\interface\level_filter_interface.h">
      <Filter>interface</Filter>
    </ClInclude>
    <ClInclude Include="lwlog\interface\level_interface.h">
      <Filter>interface</Filter>
    </ClInclude>
    <ClInclude Include="lwlog\interface\logger_interface.h">
      <Filter>interface</Filter>
    </ClInclude>
    <ClInclude Include="lwlog\interface\pattern_interface.h">
      <Filter>interface</Filter>
    </ClInclude>
    <ClInclude Include="lwlog\interface\sink_buffer_interface.h">
      <Filter>interface</Filter>
    </ClInclude>
    <ClInclude Include="lwlog\logger.h" />
    <ClInclude Include="lwlog\logger_impl.h" />
    <ClInclude Include="lwlog\lwlog.h" />
    <ClInclude Include="lwlog\registry.h" />
    <ClInclude Include="lwlog\sinks\file_sink.h">
      <Filter>sinks</Filter>
    </ClInclude>
    <ClInclude Include="lwlog\sinks\sink.h">
      <Filter>sinks</Filter>
    </ClInclude>
    <ClInclude Include="lwlog\sinks\sink_factory.h">
      <Filter>sinks</Filter>
    </ClInclude>
    <ClInclude Include="lwlog\sinks\sink_level.h">
      <Filter>sinks</Filter>
    </ClInclude>
    <ClInclude Include="lwlog\details\stream.h" />
    <ClInclude Include="lwlog\sinks\stdout_sink.h" />
    <ClInclude Include="lwlog\sinks\stdout_color_sink.h" />
    <ClInclude Include="lwlog\sinks\stderr_sink.h" />
    <ClInclude Include="lwlog\sinks\stderr_color_sink.h" />
  </ItemGroup>
  <ItemGroup>
    <ClCompile Include="lwlog\details\backtracer.cpp">
      <Filter>details</Filter>
    </ClCompile>
    <ClCompile Include="lwlog\details\file_helper.cpp">
      <Filter>details</Filter>
    </ClCompile>
    <ClCompile Include="lwlog\details\formatter.cpp">
      <Filter>details</Filter>
    </ClCompile>
    <ClCompile Include="lwlog\details\log_message.cpp">
      <Filter>details</Filter>
    </ClCompile>
    <ClCompile Include="lwlog\lwlog.cpp" />
    <ClCompile Include="lwlog\registry.cpp" />
    <ClCompile Include="lwlog\sinks\file_sink.cpp">
      <Filter>sinks</Filter>
    </ClCompile>
    <ClCompile Include="lwlog\sinks\sink.cpp">
      <Filter>sinks</Filter>
    </ClCompile>
  </ItemGroup>
</Project>